
Microsoft Visual Studio Solution File, Format Version 12.00
# Visual Studio 2013
VisualStudioVersion = 12.0.31101.0
MinimumVisualStudioVersion = 10.0.40219.1
Project("{FAE04EC0-301F-11D3-BF4B-00C04F79EFBC}") = "MySQLDemo", "MySQLDemo\MySQLDemo.csproj", "{5396E7B2-7F5D-4686-A958-A5BAAA565B38}"
EndProject
Project("{FAE04EC0-301F-11D3-BF4B-00C04F79EFBC}") = "MySqlWinFormDEMO", "MySqlWinFormDEMO\MySqlWinFormDEMO.csproj", "{138FAF26-5986-403F-950F-94DE96BDEA9D}"
EndProject
Global
	GlobalSection(SolutionConfigurationPlatforms) = preSolution
		Debug|Any CPU = Debug|Any CPU
		Release|Any CPU = Release|Any CPU
	EndGlobalSection
	GlobalSection(ProjectConfigurationPlatforms) = postSolution
		{5396E7B2-7F5D-4686-A958-A5BAAA565B38}.Debug|Any CPU.ActiveCfg = Debug|Any CPU
		{5396E7B2-7F5D-4686-A958-A5BAAA565B38}.Debug|Any CPU.Build.0 = Debug|Any CPU
		{5396E7B2-7F5D-4686-A958-A5BAAA565B38}.Release|Any CPU.ActiveCfg = Release|Any CPU
		{5396E7B2-7F5D-4686-A958-A5BAAA565B38}.Release|Any CPU.Build.0 = Release|Any CPU
		{138FAF26-5986-403F-950F-94DE96BDEA9D}.Debug|Any CPU.ActiveCfg = Debug|Any CPU
		{138FAF26-5986-403F-950F-94DE96BDEA9D}.Debug|Any CPU.Build.0 = Debug|Any CPU
		{138FAF26-5986-403F-950F-94DE96BDEA9D}.Release|Any CPU.ActiveCfg = Release|Any CPU
		{138FAF26-5986-403F-950F-94DE96BDEA9D}.Release|Any CPU.Build.0 = Release|Any CPU
	EndGlobalSection
	GlobalSection(SolutionProperties) = preSolution
		HideSolutionNode = FALSE
	EndGlobalSection
EndGlobal
